
Microsoft Visual Studio Solution File, Format Version 12.00
# Visual Studio Version 16
VisualStudioVersion = 16.0.31205.134
MinimumVisualStudioVersion = 10.0.40219.1
Project("{FAE04EC0-301F-11D3-BF4B-00C04F79EFBC}") = "DemoTest", "DemoTest\DemoTest.csproj", "{23E618C1-8559-47FB-99B4-F8D5ED4D4138}"
EndProject
Global
	GlobalSection(SolutionConfigurationPlatforms) = preSolution
		Debug|Any CPU = Debug|Any CPU
		Release|Any CPU = Release|Any CPU
	EndGlobalSection
	GlobalSection(ProjectConfigurationPlatforms) = postSolution
		{23E618C1-8559-47FB-99B4-F8D5ED4D4138}.Debug|Any CPU.ActiveCfg = Debug|Any CPU
		{23E618C1-8559-47FB-99B4-F8D5ED4D4138}.Debug|Any CPU.Build.0 = Debug|Any CPU
		{23E618C1-8559-47FB-99B4-F8D5ED4D4138}.Release|Any CPU.ActiveCfg = Release|Any CPU
		{23E618C1-8559-47FB-99B4-F8D5ED4D4138}.Release|Any CPU.Build.0 = Release|Any CPU
	EndGlobalSection
	GlobalSection(SolutionProperties) = preSolution
		HideSolutionNode = FALSE
	EndGlobalSection
	GlobalSection(ExtensibilityGlobals) = postSolution
		SolutionGuid = {9703FAF8-1AF0-40D3-9AF8-3DED97360FA3}
	EndGlobalSection
EndGlobal
